
Microsoft Visual Studio Solution File, Format Version 12.00
# Visual Studio Version 17
VisualStudioVersion = 17.14.36414.22 d17.14
MinimumVisualStudioVersion = 10.0.40219.1
Project("{FAE04EC0-301F-11D3-BF4B-00C04F79EFBC}") = "LiveChatRoom", "LiveChatRoom\LiveChatRoom.csproj", "{55480185-D96B-4AB3-AC4A-F66797B4099C}"
EndProject
Global
	GlobalSection(SolutionConfigurationPlatforms) = preSolution
		Debug|Any CPU = Debug|Any CPU
		Release|Any CPU = Release|Any CPU
	EndGlobalSection
	GlobalSection(ProjectConfigurationPlatforms) = postSolution
		{55480185-D96B-4AB3-AC4A-F66797B4099C}.Debug|Any CPU.ActiveCfg = Debug|Any CPU
		{55480185-D96B-4AB3-AC4A-F66797B4099C}.Debug|Any CPU.Build.0 = Debug|Any CPU
		{55480185-D96B-4AB3-AC4A-F66797B4099C}.Release|Any CPU.ActiveCfg = Release|Any CPU
		{55480185-D96B-4AB3-AC4A-F66797B4099C}.Release|Any CPU.Build.0 = Release|Any CPU
	EndGlobalSection
	GlobalSection(SolutionProperties) = preSolution
		HideSolutionNode = FALSE
	EndGlobalSection
	GlobalSection(ExtensibilityGlobals) = postSolution
		SolutionGuid = {4CE13D09-EB03-4F33-AD4C-D47827D03DD9}
	EndGlobalSection
EndGlobal
